{
    "_readme": [
        "This file locks the dependencies of your project to a known state",
        "Read more about it at https://getcomposer.org/doc/01-basic-usage.md#installing-dependencies",
        "This file is @generated automatically"
    ],
    "content-hash": "4e0069c3cd3f59edc276d3e28d6ab308",
    "packages": [
        {
            "name": "kristin/my-lib-kristin",
            "version": "dev-main",
            "source": {
                "type": "git",
                "url": "https://github.com/Kristifolk/MyLibKristinPackagist.git",
                "reference": "54050408ee54a5348e9c892cb0862cb5e93727ac"
            },
            "dist": {
                "type": "zip",
                "url": "https://api.github.com/repos/Kristifolk/MyLibKristinPackagist/zipball/54050408ee54a5348e9c892cb0862cb5e93727ac",
                "reference": "54050408ee54a5348e9c892cb0862cb5e93727ac",
                "shasum": ""
            },
            "require": {
                "ext-libxml": "*",
                "ext-simplexml": "*",
                "php": "^8.1"
            },
            "default-branch": true,
            "type": "library",
            "autoload": {
                "psr-4": {
                    "MyLib\\": "src/"
                }
            },
            "notification-url": "https://packagist.org/downloads/",
            "license": [
                "MIT"
            ],
            "authors": [
                {
                    "name": "Kristin",
                    "email": "devkristin.karr@gmail.com"
                }
            ],
            "description": "Test creation of the Library",
            "support": {
                "issues": "https://github.com/Kristifolk/MyLibKristinPackagist/issues",
                "source": "https://github.com/Kristifolk/MyLibKristinPackagist/tree/main"
            },
            "time": "2024-01-26T13:12:51+00:00"
        }
    ],
    "packages-dev": [],
    "aliases": [],
    "minimum-stability": "stable",
    "stability-flags": {
        "kristin/my-lib-kristin": 20
    },
    "prefer-stable": false,
    "prefer-lowest": false,
    "platform": {
        "php": "^8.1"
    },
    "platform-dev": [],
    "plugin-api-version": "2.2.0"
}
